// !$*UTF8*$!
{
	archiveVersion = 1;
	classes = {
	};
	objectVersion = 77;
	objects = {

/* Begin PBXBuildFile section */
		BE13BDF22FD4CC240027B23E /* Persistence.swift in Sources */ = {isa = PBXBuildFile; fileRef = BE13BDEF2FD4CC240027B23E /* Persistence.swift */; };
		BE13BDF32FD4CC240027B23E /* ContentView.swift in Sources */ = {isa = PBXBuildFile; fileRef = BE13BDEC2FD4CC240027B23E /* ContentView.swift */; };
		BE13BDF42FD4CC240027B23E /* FlipPrep.xcdatamodeld in Sources */ = {isa = PBXBuildFile; fileRef = BE13BDED2FD4CC240027B23E /* FlipPrep.xcdatamodeld */; };
		BE13BDF52FD4CC240027B23E /* FlipPrepApp.swift in Sources */ = {isa = PBXBuildFile; fileRef = BE13BDEE2FD4CC240027B23E /* FlipPrepApp.swift */; };
		BE13BDF62FD4CC240027B23E /* Assets.xcassets in Resources */ = {isa = PBXBuildFile; fileRef = BE13BDEB2FD4CC240027B23E /* Assets.xcassets */; };
		BE13BDFC2FD4E3600027B23E /* SeedData.swift in Sources */ = {isa = PBXBuildFile; fileRef = BE13BDFB2FD4E3580027B23E /* SeedData.swift */; };
		BE13BDFE2FD4E5EA0027B23E /* HomeView.swift in Sources */ = {isa = PBXBuildFile; fileRef = BE13BDFD2FD4E5DF0027B23E /* HomeView.swift */; };
		BE13BE002FD4E6E20027B23E /* CardView.swift in Sources */ = {isa = PBXBuildFile; fileRef = BE13BDFF2FD4E6D90027B23E /* CardView.swift */; };
		BE13BE022FD4E7800027B23E /* SessionView.swift in Sources */ = {isa = PBXBuildFile; fileRef = BE13BE012FD4E77B0027B23E /* SessionView.swift */; };
		BE13BE042FD4E9900027B23E /* ProgressView.swift in Sources */ = {isa = PBXBuildFile; fileRef = BE13BE032FD4E98A0027B23E /* ProgressView.swift */; };
/* End PBXBuildFile section */

/* Begin PBXFileReference section */
		BE13BDD42FD4C8B20027B23E /* FlipPrep.app */ = {isa = PBXFileReference; explicitFileType = wrapper.application; includeInIndex = 0; path = FlipPrep.app; sourceTree = BUILT_PRODUCTS_DIR; };
		BE13BDEB2FD4CC240027B23E /* Assets.xcassets */ = {isa = PBXFileReference; lastKnownFileType = folder.assetcatalog; path = Assets.xcassets; sourceTree = "<group>"; };
		BE13BDEC2FD4CC240027B23E /* ContentView.swift */ = {isa = PBXFileReference; lastKnownFileType = sourcecode.swift; path = ContentView.swift; sourceTree = "<group>"; };
		BE13BDEE2FD4CC240027B23E /* FlipPrepApp.swift */ = {isa = PBXFileReference; lastKnownFileType = sourcecode.swift; path = FlipPrepApp.swift; sourceTree = "<group>"; };
		BE13BDEF2FD4CC240027B23E /* Persistence.swift */ = {isa = PBXFileReference; lastKnownFileType = sourcecode.swift; path = Persistence.swift; sourceTree = "<group>"; };
		BE13BDF12FD4CC240027B23E /* FlipPrep.xcdatamodel */ = {isa = PBXFileReference; lastKnownFileType = wrapper.xcdatamodel; path = FlipPrep.xcdatamodel; sourceTree = "<group>"; };
		BE13BDFB2FD4E3580027B23E /* SeedData.swift */ = {isa = PBXFileReference; lastKnownFileType = sourcecode.swift; path = SeedData.swift; sourceTree = "<group>"; };
		BE13BDFD2FD4E5DF0027B23E /* HomeView.swift */ = {isa = PBXFileReference; lastKnownFileType = sourcecode.swift; path = HomeView.swift; sourceTree = "<group>"; };
		BE13BDFF2FD4E6D90027B23E /* CardView.swift */ = {isa = PBXFileReference; lastKnownFileType = sourcecode.swift; path = CardView.swift; sourceTree = "<group>"; };
		BE13BE012FD4E77B0027B23E /* SessionView.swift */ = {isa = PBXFileReference; lastKnownFileType = sourcecode.swift; path = SessionView.swift; sourceTree = "<group>"; };
		BE13BE032FD4E98A0027B23E /* ProgressView.swift */ = {isa = PBXFileReference; lastKnownFileType = sourcecode.swift; path = ProgressView.swift; sourceTree = "<group>"; };
/* End PBXFileReference section */

/* Begin PBXFrameworksBuildPhase section */
		BE13BDD12FD4C8B20027B23E /* Frameworks */ = {
			isa = PBXFrameworksBuildPhase;
			buildActionMask = 2147483647;
			files = (
			);
			runOnlyForDeploymentPostprocessing = 0;
		};
/* End PBXFrameworksBuildPhase section */

/* Begin PBXGroup section */
		BE13BDCB2FD4C8B20027B23E = {
			isa = PBXGroup;
			children = (
				BE13BDF02FD4CC240027B23E /* FlipPrep */,
				BE13BDD52FD4C8B20027B23E /* Products */,
			);
			sourceTree = "<group>";
		};
		BE13BDD52FD4C8B20027B23E /* Products */ = {
			isa = PBXGroup;
			children = (
				BE13BDD42FD4C8B20027B23E /* FlipPrep.app */,
			);
			name = Products;
			sourceTree = "<group>";
		};
		BE13BDF02FD4CC240027B23E /* FlipPrep */ = {
			isa = PBXGroup;
			children = (
				BE13BDFA2FD4CC9D0027B23E /* Data */,
				BE13BDF92FD4CC980027B23E /* Views */,
				BE13BDF82FD4CC850027B23E /* ViewModels */,
				BE13BDF72FD4CC700027B23E /* Models */,
				BE13BDEB2FD4CC240027B23E /* Assets.xcassets */,
				BE13BDEC2FD4CC240027B23E /* ContentView.swift */,
				BE13BDED2FD4CC240027B23E /* FlipPrep.xcdatamodeld */,
				BE13BDEE2FD4CC240027B23E /* FlipPrepApp.swift */,
				BE13BDEF2FD4CC240027B23E /* Persistence.swift */,
			);
			path = FlipPrep;
			sourceTree = "<group>";
		};
		BE13BDF72FD4CC700027B23E /* Models */ = {
			isa = PBXGroup;
			children = (
			);
			path = Models;
			sourceTree = "<group>";
		};
		BE13BDF82FD4CC850027B23E /* ViewModels */ = {
			isa = PBXGroup;
			children = (
			);
			path = ViewModels;
			sourceTree = "<group>";
		};
		BE13BDF92FD4CC980027B23E /* Views */ = {
			isa = PBXGroup;
			children = (
				BE13BE032FD4E98A0027B23E /* ProgressView.swift */,
				BE13BE012FD4E77B0027B23E /* SessionView.swift */,
				BE13BDFF2FD4E6D90027B23E /* CardView.swift */,
				BE13BDFD2FD4E5DF0027B23E /* HomeView.swift */,
			);
			path = Views;
			sourceTree = "<group>";
		};
		BE13BDFA2FD4CC9D0027B23E /* Data */ = {
			isa = PBXGroup;
			children = (
				BE13BDFB2FD4E3580027B23E /* SeedData.swift */,
			);
			path = Data;
			sourceTree = "<group>";
		};
/* End PBXGroup section */

/* Begin PBXNativeTarget section */
		BE13BDD32FD4C8B20027B23E /* FlipPrep */ = {
			isa = PBXNativeTarget;
			buildConfigurationList = BE13BDE42FD4C8B30027B23E /* Build configuration list for PBXNativeTarget "FlipPrep" */;
			buildPhases = (
				BE13BDD02FD4C8B20027B23E /* Sources */,
				BE13BDD12FD4C8B20027B23E /* Frameworks */,
				BE13BDD22FD4C8B20027B23E /* Resources */,
			);
			buildRules = (
			);
			dependencies = (
			);
			name = FlipPrep;
			packageProductDependencies = (
			);
			productName = FlipPrep;
			productReference = BE13BDD42FD4C8B20027B23E /* FlipPrep.app */;
			productType = "com.apple.product-type.application";
		};
/* End PBXNativeTarget section */

/* Begin PBXProject section */
		BE13BDCC2FD4C8B20027B23E /* Project object */ = {
			isa = PBXProject;
			attributes = {
				BuildIndependentTargetsInParallel = 1;
				LastSwiftUpdateCheck = 2650;
				LastUpgradeCheck = 2650;
				TargetAttributes = {
					BE13BDD32FD4C8B20027B23E = {
						CreatedOnToolsVersion = 26.5;
					};
				};
			};
			buildConfigurationList = BE13BDCF2FD4C8B20027B23E /* Build configuration list for PBXProject "FlipPrep" */;
			developmentRegion = en;
			hasScannedForEncodings = 0;
			knownRegions = (
				en,
				Base,
			);
			mainGroup = BE13BDCB2FD4C8B20027B23E;
			minimizedProjectReferenceProxies = 1;
			preferredProjectObjectVersion = 77;
			productRefGroup = BE13BDD52FD4C8B20027B23E /* Products */;
			projectDirPath = "";
			projectRoot = "";
			targets = (
				BE13BDD32FD4C8B20027B23E /* FlipPrep */,
			);
		};
/* End PBXProject section */

/* Begin PBXResourcesBuildPhase section */
		BE13BDD22FD4C8B20027B23E /* Resources */ = {
			isa = PBXResourcesBuildPhase;
			buildActionMask = 2147483647;
			files = (
				BE13BDF62FD4CC240027B23E /* Assets.xcassets in Resources */,
			);
			runOnlyForDeploymentPostprocessing = 0;
		};
/* End PBXResourcesBuildPhase section */

/* Begin PBXSourcesBuildPhase section */
		BE13BDD02FD4C8B20027B23E /* Sources */ = {
			isa = PBXSourcesBuildPhase;
			buildActionMask = 2147483647;
			files = (
				BE13BE002FD4E6E20027B23E /* CardView.swift in Sources */,
				BE13BDF22FD4CC240027B23E /* Persistence.swift in Sources */,
				BE13BDF32FD4CC240027B23E /* ContentView.swift in Sources */,
				BE13BE022FD4E7800027B23E /* SessionView.swift in Sources */,
				BE13BDFC2FD4E3600027B23E /* SeedData.swift in Sources */,
				BE13BDFE2FD4E5EA0027B23E /* HomeView.swift in Sources */,
				BE13BDF42FD4CC240027B23E /* FlipPrep.xcdatamodeld in Sources */,
				BE13BDF52FD4CC240027B23E /* FlipPrepApp.swift in Sources */,
				BE13BE042FD4E9900027B23E /* ProgressView.swift in Sources */,
			);
			runOnlyForDeploymentPostprocessing = 0;
		};
/* End PBXSourcesBuildPhase section */

/* Begin XCBuildConfiguration section */
		BE13BDE22FD4C8B30027B23E /* Debug */ = {
			isa = XCBuildConfiguration;
			buildSettings = {
				ALWAYS_SEARCH_USER_PATHS = NO;
				ASSETCATALOG_COMPILER_GENERATE_SWIFT_ASSET_SYMBOL_EXTENSIONS = YES;
				CLANG_ANALYZER_NONNULL = YES;
				CLANG_ANALYZER_NUMBER_OBJECT_CONVERSION = YES_AGGRESSIVE;
				CLANG_CXX_LANGUAGE_STANDARD = "gnu++20";
				CLANG_ENABLE_MODULES = YES;
				CLANG_ENABLE_OBJC_ARC = YES;
				CLANG_ENABLE_OBJC_WEAK = YES;
				CLANG_WARN_BLOCK_CAPTURE_AUTORELEASING = YES;
				CLANG_WARN_BOOL_CONVERSION = YES;
				CLANG_WARN_COMMA = YES;
				CLANG_WARN_CONSTANT_CONVERSION = YES;
				CLANG_WARN_DEPRECATED_OBJC_IMPLEMENTATIONS = YES;
				CLANG_WARN_DIRECT_OBJC_ISA_USAGE = YES_ERROR;
				CLANG_WARN_DOCUMENTATION_COMMENTS = YES;
				CLANG_WARN_EMPTY_BODY = YES;
				CLANG_WARN_ENUM_CONVERSION = YES;
				CLANG_WARN_INFINITE_RECURSION = YES;
				CLANG_WARN_INT_CONVERSION = YES;
				CLANG_WARN_NON_LITERAL_NULL_CONVERSION = YES;
				CLANG_WARN_OBJC_IMPLICIT_RETAIN_SELF = YES;
				CLANG_WARN_OBJC_LITERAL_CONVERSION = YES;
				CLANG_WARN_OBJC_ROOT_CLASS = YES_ERROR;
				CLANG_WARN_QUOTED_INCLUDE_IN_FRAMEWORK_HEADER = YES;
				CLANG_WARN_RANGE_LOOP_ANALYSIS = YES;
				CLANG_WARN_STRICT_PROTOTYPES = YES;
				CLANG_WARN_SUSPICIOUS_MOVE = YES;
				CLANG_WARN_UNGUARDED_AVAILABILITY = YES_AGGRESSIVE;
				CLANG_WARN_UNREACHABLE_CODE = YES;
				CLANG_WARN__DUPLICATE_METHOD_MATCH = YES;
				COPY_PHASE_STRIP = NO;
				DEBUG_INFORMATION_FORMAT = dwarf;
				ENABLE_STRICT_OBJC_MSGSEND = YES;
				ENABLE_TESTABILITY = YES;
				ENABLE_USER_SCRIPT_SANDBOXING = YES;
				GCC_C_LANGUAGE_STANDARD = gnu17;
				GCC_DYNAMIC_NO_PIC = NO;
				GCC_NO_COMMON_BLOCKS = YES;
				GCC_OPTIMIZATION_LEVEL = 0;
				GCC_PREPROCESSOR_DEFINITIONS = (
					"DEBUG=1",
					"$(inherited)",
				);
				GCC_WARN_64_TO_32_BIT_CONVERSION = YES;
				GCC_WARN_ABOUT_RETURN_TYPE = YES_ERROR;
				GCC_WARN_UNDECLARED_SELECTOR = YES;
				GCC_WARN_UNINITIALIZED_AUTOS = YES_AGGRESSIVE;
				GCC_WARN_UNUSED_FUNCTION = YES;
				GCC_WARN_UNUSED_VARIABLE = YES;
				IPHONEOS_DEPLOYMENT_TARGET = 26.5;
				LOCALIZATION_PREFERS_STRING_CATALOGS = YES;
				MTL_ENABLE_DEBUG_INFO = INCLUDE_SOURCE;
				MTL_FAST_MATH = YES;
				ONLY_ACTIVE_ARCH = YES;
				SDKROOT = iphoneos;
				SWIFT_ACTIVE_COMPILATION_CONDITIONS = "DEBUG $(inherited)";
				SWIFT_OPTIMIZATION_LEVEL = "-Onone";
			};
			name = Debug;
		};
		BE13BDE32FD4C8B30027B23E /* Release */ = {
			isa = XCBuildConfiguration;
			buildSettings = {
				ALWAYS_SEARCH_USER_PATHS = NO;
				ASSETCATALOG_COMPILER_GENERATE_SWIFT_ASSET_SYMBOL_EXTENSIONS = YES;
				CLANG_ANALYZER_NONNULL = YES;
				CLANG_ANALYZER_NUMBER_OBJECT_CONVERSION = YES_AGGRESSIVE;
				CLANG_CXX_LANGUAGE_STANDARD = "gnu++20";
				CLANG_ENABLE_MODULES = YES;
				CLANG_ENABLE_OBJC_ARC = YES;
				CLANG_ENABLE_OBJC_WEAK = YES;
				CLANG_WARN_BLOCK_CAPTURE_AUTORELEASING = YES;
				CLANG_WARN_BOOL_CONVERSION = YES;
				CLANG_WARN_COMMA = YES;
				CLANG_WARN_CONSTANT_CONVERSION = YES;
				CLANG_WARN_DEPRECATED_OBJC_IMPLEMENTATIONS = YES;
				CLANG_WARN_DIRECT_OBJC_ISA_USAGE = YES_ERROR;
				CLANG_WARN_DOCUMENTATION_COMMENTS = YES;
				CLANG_WARN_EMPTY_BODY = YES;
				CLANG_WARN_ENUM_CONVERSION = YES;
				CLANG_WARN_INFINITE_RECURSION = YES;
				CLANG_WARN_INT_CONVERSION = YES;
				CLANG_WARN_NON_LITERAL_NULL_CONVERSION = YES;
				CLANG_WARN_OBJC_IMPLICIT_RETAIN_SELF = YES;
				CLANG_WARN_OBJC_LITERAL_CONVERSION = YES;
				CLANG_WARN_OBJC_ROOT_CLASS = YES_ERROR;
				CLANG_WARN_QUOTED_INCLUDE_IN_FRAMEWORK_HEADER = YES;
				CLANG_WARN_RANGE_LOOP_ANALYSIS = YES;
				CLANG_WARN_STRICT_PROTOTYPES = YES;
				CLANG_WARN_SUSPICIOUS_MOVE = YES;
				CLANG_WARN_UNGUARDED_AVAILABILITY = YES_AGGRESSIVE;
				CLANG_WARN_UNREACHABLE_CODE = YES;
				CLANG_WARN__DUPLICATE_METHOD_MATCH = YES;
				COPY_PHASE_STRIP = NO;
				DEBUG_INFORMATION_FORMAT = "dwarf-with-dsym";
				ENABLE_NS_ASSERTIONS = NO;
				ENABLE_STRICT_OBJC_MSGSEND = YES;
				ENABLE_USER_SCRIPT_SANDBOXING = YES;
				GCC_C_LANGUAGE_STANDARD = gnu17;
				GCC_NO_COMMON_BLOCKS = YES;
				GCC_WARN_64_TO_32_BIT_CONVERSION = YES;
				GCC_WARN_ABOUT_RETURN_TYPE = YES_ERROR;
				GCC_WARN_UNDECLARED_SELECTOR = YES;
				GCC_WARN_UNINITIALIZED_AUTOS = YES_AGGRESSIVE;
				GCC_WARN_UNUSED_FUNCTION = YES;
				GCC_WARN_UNUSED_VARIABLE = YES;
				IPHONEOS_DEPLOYMENT_TARGET = 26.5;
				LOCALIZATION_PREFERS_STRING_CATALOGS = YES;
				MTL_ENABLE_DEBUG_INFO = NO;
				MTL_FAST_MATH = YES;
				SDKROOT = iphoneos;
				SWIFT_COMPILATION_MODE = wholemodule;
				VALIDATE_PRODUCT = YES;
			};
			name = Release;
		};
		BE13BDE52FD4C8B30027B23E /* Debug */ = {
			isa = XCBuildConfiguration;
			buildSettings = {
				ASSETCATALOG_COMPILER_APPICON_NAME = AppIcon;
				ASSETCATALOG_COMPILER_GLOBAL_ACCENT_COLOR_NAME = AccentColor;
				CODE_SIGN_STYLE = Automatic;
				CURRENT_PROJECT_VERSION = 1;
				ENABLE_PREVIEWS = YES;
				GENERATE_INFOPLIST_FILE = YES;
				INFOPLIST_KEY_UIApplicationSceneManifest_Generation = YES;
				INFOPLIST_KEY_UIApplicationSupportsIndirectInputEvents = YES;
				INFOPLIST_KEY_UILaunchScreen_Generation = YES;
				INFOPLIST_KEY_UISupportedInterfaceOrientations_iPad = "UIInterfaceOrientationPortrait UIInterfaceOrientationPortraitUpsideDown UIInterfaceOrientationLandscapeLeft UIInterfaceOrientationLandscapeRight";
				INFOPLIST_KEY_UISupportedInterfaceOrientations_iPhone = "UIInterfaceOrientationPortrait UIInterfaceOrientationLandscapeLeft UIInterfaceOrientationLandscapeRight";
				LD_RUNPATH_SEARCH_PATHS = (
					"$(inherited)",
					"@executable_path/Frameworks",
				);
				MARKETING_VERSION = 1.0;
				PRODUCT_BUNDLE_IDENTIFIER = com.himanshu.FlipPrep;
				PRODUCT_NAME = "$(TARGET_NAME)";
				STRING_CATALOG_GENERATE_SYMBOLS = YES;
				SWIFT_APPROACHABLE_CONCURRENCY = YES;
				SWIFT_DEFAULT_ACTOR_ISOLATION = MainActor;
				SWIFT_EMIT_LOC_STRINGS = YES;
				SWIFT_UPCOMING_FEATURE_MEMBER_IMPORT_VISIBILITY = YES;
				SWIFT_VERSION = 5.0;
				TARGETED_DEVICE_FAMILY = "1,2";
			};
			name = Debug;
		};
		BE13BDE62FD4C8B30027B23E /* Release */ = {
			isa = XCBuildConfiguration;
			buildSettings = {
				ASSETCATALOG_COMPILER_APPICON_NAME = AppIcon;
				ASSETCATALOG_COMPILER_GLOBAL_ACCENT_COLOR_NAME = AccentColor;
				CODE_SIGN_STYLE = Automatic;
				CURRENT_PROJECT_VERSION = 1;
				ENABLE_PREVIEWS = YES;
				GENERATE_INFOPLIST_FILE = YES;
				INFOPLIST_KEY_UIApplicationSceneManifest_Generation = YES;
				INFOPLIST_KEY_UIApplicationSupportsIndirectInputEvents = YES;
				INFOPLIST_KEY_UILaunchScreen_Generation = YES;
				INFOPLIST_KEY_UISupportedInterfaceOrientations_iPad = "UIInterfaceOrientationPortrait UIInterfaceOrientationPortraitUpsideDown UIInterfaceOrientationLandscapeLeft UIInterfaceOrientationLandscapeRight";
				INFOPLIST_KEY_UISupportedInterfaceOrientations_iPhone = "UIInterfaceOrientationPortrait UIInterfaceOrientationLandscapeLeft UIInterfaceOrientationLandscapeRight";
				LD_RUNPATH_SEARCH_PATHS = (
					"$(inherited)",
					"@executable_path/Frameworks",
				);
				MARKETING_VERSION = 1.0;
				PRODUCT_BUNDLE_IDENTIFIER = com.himanshu.FlipPrep;
				PRODUCT_NAME = "$(TARGET_NAME)";
				STRING_CATALOG_GENERATE_SYMBOLS = YES;
				SWIFT_APPROACHABLE_CONCURRENCY = YES;
				SWIFT_DEFAULT_ACTOR_ISOLATION = MainActor;
				SWIFT_EMIT_LOC_STRINGS = YES;
				SWIFT_UPCOMING_FEATURE_MEMBER_IMPORT_VISIBILITY = YES;
				SWIFT_VERSION = 5.0;
				TARGETED_DEVICE_FAMILY = "1,2";
			};
			name = Release;
		};
/* End XCBuildConfiguration section */

/* Begin XCConfigurationList section */
		BE13BDCF2FD4C8B20027B23E /* Build configuration list for PBXProject "FlipPrep" */ = {
			isa = XCConfigurationList;
			buildConfigurations = (
				BE13BDE22FD4C8B30027B23E /* Debug */,
				BE13BDE32FD4C8B30027B23E /* Release */,
			);
			defaultConfigurationIsVisible = 0;
			defaultConfigurationName = Release;
		};
		BE13BDE42FD4C8B30027B23E /* Build configuration list for PBXNativeTarget "FlipPrep" */ = {
			isa = XCConfigurationList;
			buildConfigurations = (
				BE13BDE52FD4C8B30027B23E /* Debug */,
				BE13BDE62FD4C8B30027B23E /* Release */,
			);
			defaultConfigurationIsVisible = 0;
			defaultConfigurationName = Release;
		};
/* End XCConfigurationList section */

/* Begin XCVersionGroup section */
		BE13BDED2FD4CC240027B23E /* FlipPrep.xcdatamodeld */ = {
			isa = XCVersionGroup;
			children = (
				BE13BDF12FD4CC240027B23E /* FlipPrep.xcdatamodel */,
			);
			currentVersion = BE13BDF12FD4CC240027B23E /* FlipPrep.xcdatamodel */;
			path = FlipPrep.xcdatamodeld;
			sourceTree = "<group>";
			versionGroupType = wrapper.xcdatamodel;
		};
/* End XCVersionGroup section */
	};
	rootObject = BE13BDCC2FD4C8B20027B23E /* Project object */;
}
